{
  "requires": true,
  "lockfileVersion": 1,
  "dependencies": {
    "vertx3-full": {
      "version": "3.9.3",
      "resolved": "https://registry.npmjs.org/vertx3-full/-/vertx3-full-3.9.3.tgz",
      "integrity": "sha512-e/60Ju3WY4wJu4Lm/RAgtXiGGxY5oxInkqB+2EuJ5qHksUwRZxUyvhZQZeYtA4UE04hZNayCFsykRiaUxoXYwg=="
    }
  }
}
